
Microsoft Visual Studio Solution File, Format Version 12.00
# Visual Studio Version 17
VisualStudioVersion = 17.14.36127.28 d17.14
MinimumVisualStudioVersion = 10.0.40219.1
Project("{FAE04EC0-301F-11D3-BF4B-00C04F79EFBC}") = "MyFirstProgram", "MyFirstProgram\MyFirstProgram.csproj", "{9920F898-472D-47AD-ACAD-5FF9F4BEC6D5}"
EndProject
Global
	GlobalSection(SolutionConfigurationPlatforms) = preSolution
		Debug|Any CPU = Debug|Any CPU
		Release|Any CPU = Release|Any CPU
	EndGlobalSection
	GlobalSection(ProjectConfigurationPlatforms) = postSolution
		{9920F898-472D-47AD-ACAD-5FF9F4BEC6D5}.Debug|Any CPU.ActiveCfg = Debug|Any CPU
		{9920F898-472D-47AD-ACAD-5FF9F4BEC6D5}.Debug|Any CPU.Build.0 = Debug|Any CPU
		{9920F898-472D-47AD-ACAD-5FF9F4BEC6D5}.Release|Any CPU.ActiveCfg = Release|Any CPU
		{9920F898-472D-47AD-ACAD-5FF9F4BEC6D5}.Release|Any CPU.Build.0 = Release|Any CPU
	EndGlobalSection
	GlobalSection(SolutionProperties) = preSolution
		HideSolutionNode = FALSE
	EndGlobalSection
	GlobalSection(ExtensibilityGlobals) = postSolution
		SolutionGuid = {54A67B2E-8EF9-45D6-86B0-FC463F3E6435}
	EndGlobalSection
EndGlobal
